
Microsoft Visual Studio Solution File, Format Version 12.00
# Visual Studio Version 16
Project("{2150E333-8FDC-42A3-9474-1A3956D46DE8}") = "CMakePredefinedTargets", "CMakePredefinedTargets", "{6A6D7F29-3D9F-3337-8930-FCB354DAF8DF}"
EndProject
Project("{2150E333-8FDC-42A3-9474-1A3956D46DE8}") = "GLFW3", "GLFW3", "{E3E36297-45A1-3C80-ADD7-DA2577EA0130}"
EndProject
Project("{2150E333-8FDC-42A3-9474-1A3956D46DE8}") = "Examples", "GLFW3\Examples", "{6B312C8D-B48E-3496-8EA4-52D6EB02F56A}"
EndProject
Project("{2150E333-8FDC-42A3-9474-1A3956D46DE8}") = "Tests", "GLFW3\Tests", "{360A4EFD-0F51-333A-B2BB-6C68BED6BA50}"
EndProject
Project("{8BC9CEB8-8B4A-11D0-8D11-00A0C91BC942}") = "ALL_BUILD", "ALL_BUILD.vcxproj", "{7D3BBF11-DB51-3D4E-BF75-BDBDC44A9AC8}"
	ProjectSection(ProjectDependencies) = postProject
		{FA70FD5C-0684-3FF0-8548-55F2B0EAD7B6} = {FA70FD5C-0684-3FF0-8548-55F2B0EAD7B6}
		{44D2D19B-7F07-3B00-90E1-C7781FBDF304} = {44D2D19B-7F07-3B00-90E1-C7781FBDF304}
		{82EFEF2B-DAAB-3FCE-A9A6-4787EB789B35} = {82EFEF2B-DAAB-3FCE-A9A6-4787EB789B35}
		{FFACCD6B-FB84-3CC8-830F-D3D58A2E0988} = {FFACCD6B-FB84-3CC8-830F-D3D58A2E0988}
		{39D0935B-99DA-3438-8B68-C3332F4957E6} = {39D0935B-99DA-3438-8B68-C3332F4957E6}
		{C48AAB02-CE33-38F1-A2F4-863318B5B66B} = {C48AAB02-CE33-38F1-A2F4-863318B5B66B}
		{762BF607-6E76-3145-92E2-4867FF5911DF} = {762BF607-6E76-3145-92E2-4867FF5911DF}
		{1502F249-D37A-31E9-9B6C-87E59A714FEE} = {1502F249-D37A-31E9-9B6C-87E59A714FEE}
		{DF64AB7A-CC3E-3618-A844-40878035F190} = {DF64AB7A-CC3E-3618-A844-40878035F190}
		{6CE762EE-A659-3B52-80B2-CCB80FB9935D} = {6CE762EE-A659-3B52-80B2-CCB80FB9935D}
		{7F00FA47-00D3-36E5-BAD6-22A340A93C94} = {7F00FA47-00D3-36E5-BAD6-22A340A93C94}
		{FAE5A90E-CB3D-36F0-8EAE-85EB10CDCA50} = {FAE5A90E-CB3D-36F0-8EAE-85EB10CDCA50}
		{CD93DFCE-402C-3975-B22B-77D153A45A51} = {CD93DFCE-402C-3975-B22B-77D153A45A51}
		{502F3D50-581D-3E2E-8470-6FA55E8CFE07} = {502F3D50-581D-3E2E-8470-6FA55E8CFE07}
		{323E56EA-A96D-3E96-90B2-C8DAAB940217} = {323E56EA-A96D-3E96-90B2-C8DAAB940217}
		{348F09D8-3543-3EC7-AA41-5A31F1A5EFDA} = {348F09D8-3543-3EC7-AA41-5A31F1A5EFDA}
		{DE0CDBD9-8650-37CA-820A-28A00722E7D7} = {DE0CDBD9-8650-37CA-820A-28A00722E7D7}
		{0EE48473-7617-30B2-8519-5F2882FDAFF4} = {0EE48473-7617-30B2-8519-5F2882FDAFF4}
		{395F54BB-8D4B-3FA3-A142-648A9B9BDD5F} = {395F54BB-8D4B-3FA3-A142-648A9B9BDD5F}
		{505B0EB1-453D-3B69-96FF-6A390CDC9CA8} = {505B0EB1-453D-3B69-96FF-6A390CDC9CA8}
		{C1F84F97-FC71-3DDF-AB6B-D3232F98A13D} = {C1F84F97-FC71-3DDF-AB6B-D3232F98A13D}
		{A06991A9-3AB0-37BA-AE23-E56A71A7EE60} = {A06991A9-3AB0-37BA-AE23-E56A71A7EE60}
		{807DB580-9687-3B88-8699-70D1C14974F9} = {807DB580-9687-3B88-8699-70D1C14974F9}
		{574CBDFF-4952-3BB1-B5D5-80C629FE1C2B} = {574CBDFF-4952-3BB1-B5D5-80C629FE1C2B}
		{9DAC4F30-1648-33AD-B039-044C11828DD5} = {9DAC4F30-1648-33AD-B039-044C11828DD5}
		{7659FD33-AF34-3FBD-A3C4-481DAFB987DE} = {7659FD33-AF34-3FBD-A3C4-481DAFB987DE}
		{00DB1EF3-E6FD-3FDE-ACF1-FF596149BEB0} = {00DB1EF3-E6FD-3FDE-ACF1-FF596149BEB0}
		{CF7C9778-F1F7-3CDC-A1A6-F19DBB676427} = {CF7C9778-F1F7-3CDC-A1A6-F19DBB676427}
		{63EC8F7B-BB39-3322-B821-42ED5EDA2A55} = {63EC8F7B-BB39-3322-B821-42ED5EDA2A55}
		{E48FC78D-265B-36A8-A00B-64CA03C94C25} = {E48FC78D-265B-36A8-A00B-64CA03C94C25}
		{F391EBE1-8955-3E85-AAEF-C1504B5BA02E} = {F391EBE1-8955-3E85-AAEF-C1504B5BA02E}
	EndProjectSection
EndProject
Project("{8BC9CEB8-8B4A-11D0-8D11-00A0C91BC942}") = "INSTALL", "INSTALL.vcxproj", "{D86AA351-5621-32C5-A01E-A782B24BF01C}"
	ProjectSection(ProjectDependencies) = postProject
		{7D3BBF11-DB51-3D4E-BF75-BDBDC44A9AC8} = {7D3BBF11-DB51-3D4E-BF75-BDBDC44A9AC8}
		{FA70FD5C-0684-3FF0-8548-55F2B0EAD7B6} = {FA70FD5C-0684-3FF0-8548-55F2B0EAD7B6}
	EndProjectSection
EndProject
Project("{8BC9CEB8-8B4A-11D0-8D11-00A0C91BC942}") = "ZERO_CHECK", "ZERO_CHECK.vcxproj", "{FA70FD5C-0684-3FF0-8548-55F2B0EAD7B6}"
	ProjectSection(ProjectDependencies) = postProject
	EndProjectSection
EndProject
Project("{8BC9CEB8-8B4A-11D0-8D11-00A0C91BC942}") = "boing", "examples\boing.vcxproj", "{44D2D19B-7F07-3B00-90E1-C7781FBDF304}"
	ProjectSection(ProjectDependencies) = postProject
		{FA70FD5C-0684-3FF0-8548-55F2B0EAD7B6} = {FA70FD5C-0684-3FF0-8548-55F2B0EAD7B6}
		{DF64AB7A-CC3E-3618-A844-40878035F190} = {DF64AB7A-CC3E-3618-A844-40878035F190}
	EndProjectSection
EndProject
Project("{8BC9CEB8-8B4A-11D0-8D11-00A0C91BC942}") = "clipboard", "tests\clipboard.vcxproj", "{82EFEF2B-DAAB-3FCE-A9A6-4787EB789B35}"
	ProjectSection(ProjectDependencies) = postProject
		{FA70FD5C-0684-3FF0-8548-55F2B0EAD7B6} = {FA70FD5C-0684-3FF0-8548-55F2B0EAD7B6}
		{DF64AB7A-CC3E-3618-A844-40878035F190} = {DF64AB7A-CC3E-3618-A844-40878035F190}
	EndProjectSection
EndProject
Project("{8BC9CEB8-8B4A-11D0-8D11-00A0C91BC942}") = "cursor", "tests\cursor.vcxproj", "{FFACCD6B-FB84-3CC8-830F-D3D58A2E0988}"
	ProjectSection(ProjectDependencies) = postProject
		{FA70FD5C-0684-3FF0-8548-55F2B0EAD7B6} = {FA70FD5C-0684-3FF0-8548-55F2B0EAD7B6}
		{DF64AB7A-CC3E-3618-A844-40878035F190} = {DF64AB7A-CC3E-3618-A844-40878035F190}
	EndProjectSection
EndProject
Project("{8BC9CEB8-8B4A-11D0-8D11-00A0C91BC942}") = "empty", "tests\empty.vcxproj", "{39D0935B-99DA-3438-8B68-C3332F4957E6}"
	ProjectSection(ProjectDependencies) = postProject
		{FA70FD5C-0684-3FF0-8548-55F2B0EAD7B6} = {FA70FD5C-0684-3FF0-8548-55F2B0EAD7B6}
		{DF64AB7A-CC3E-3618-A844-40878035F190} = {DF64AB7A-CC3E-3618-A844-40878035F190}
	EndProjectSection
EndProject
Project("{8BC9CEB8-8B4A-11D0-8D11-00A0C91BC942}") = "events", "tests\events.vcxproj", "{C48AAB02-CE33-38F1-A2F4-863318B5B66B}"
	ProjectSection(ProjectDependencies) = postProject
		{FA70FD5C-0684-3FF0-8548-55F2B0EAD7B6} = {FA70FD5C-0684-3FF0-8548-55F2B0EAD7B6}
		{DF64AB7A-CC3E-3618-A844-40878035F190} = {DF64AB7A-CC3E-3618-A844-40878035F190}
	EndProjectSection
EndProject
Project("{8BC9CEB8-8B4A-11D0-8D11-00A0C91BC942}") = "gamma", "tests\gamma.vcxproj", "{762BF607-6E76-3145-92E2-4867FF5911DF}"
	ProjectSection(ProjectDependencies) = postProject
		{FA70FD5C-0684-3FF0-8548-55F2B0EAD7B6} = {FA70FD5C-0684-3FF0-8548-55F2B0EAD7B6}
		{DF64AB7A-CC3E-3618-A844-40878035F190} = {DF64AB7A-CC3E-3618-A844-40878035F190}
	EndProjectSection
EndProject
Project("{8BC9CEB8-8B4A-11D0-8D11-00A0C91BC942}") = "gears", "examples\gears.vcxproj", "{1502F249-D37A-31E9-9B6C-87E59A714FEE}"
	ProjectSection(ProjectDependencies) = postProject
		{FA70FD5C-0684-3FF0-8548-55F2B0EAD7B6} = {FA70FD5C-0684-3FF0-8548-55F2B0EAD7B6}
		{DF64AB7A-CC3E-3618-A844-40878035F190} = {DF64AB7A-CC3E-3618-A844-40878035F190}
	EndProjectSection
EndProject
Project("{8BC9CEB8-8B4A-11D0-8D11-00A0C91BC942}") = "glfw", "src\glfw.vcxproj", "{DF64AB7A-CC3E-3618-A844-40878035F190}"
	ProjectSection(ProjectDependencies) = postProject
		{FA70FD5C-0684-3FF0-8548-55F2B0EAD7B6} = {FA70FD5C-0684-3FF0-8548-55F2B0EAD7B6}
	EndProjectSection
EndProject
Project("{8BC9CEB8-8B4A-11D0-8D11-00A0C91BC942}") = "glfwinfo", "tests\glfwinfo.vcxproj", "{6CE762EE-A659-3B52-80B2-CCB80FB9935D}"
	ProjectSection(ProjectDependencies) = postProject
		{FA70FD5C-0684-3FF0-8548-55F2B0EAD7B6} = {FA70FD5C-0684-3FF0-8548-55F2B0EAD7B6}
		{DF64AB7A-CC3E-3618-A844-40878035F190} = {DF64AB7A-CC3E-3618-A844-40878035F190}
	EndProjectSection
EndProject
Project("{8BC9CEB8-8B4A-11D0-8D11-00A0C91BC942}") = "heightmap", "examples\heightmap.vcxproj", "{7F00FA47-00D3-36E5-BAD6-22A340A93C94}"
	ProjectSection(ProjectDependencies) = postProject
		{FA70FD5C-0684-3FF0-8548-55F2B0EAD7B6} = {FA70FD5C-0684-3FF0-8548-55F2B0EAD7B6}
		{DF64AB7A-CC3E-3618-A844-40878035F190} = {DF64AB7A-CC3E-3618-A844-40878035F190}
	EndProjectSection
EndProject
Project("{8BC9CEB8-8B4A-11D0-8D11-00A0C91BC942}") = "icon", "tests\icon.vcxproj", "{FAE5A90E-CB3D-36F0-8EAE-85EB10CDCA50}"
	ProjectSection(ProjectDependencies) = postProject
		{FA70FD5C-0684-3FF0-8548-55F2B0EAD7B6} = {FA70FD5C-0684-3FF0-8548-55F2B0EAD7B6}
		{DF64AB7A-CC3E-3618-A844-40878035F190} = {DF64AB7A-CC3E-3618-A844-40878035F190}
	EndProjectSection
EndProject
Project("{8BC9CEB8-8B4A-11D0-8D11-00A0C91BC942}") = "iconify", "tests\iconify.vcxproj", "{CD93DFCE-402C-3975-B22B-77D153A45A51}"
	ProjectSection(ProjectDependencies) = postProject
		{FA70FD5C-0684-3FF0-8548-55F2B0EAD7B6} = {FA70FD5C-0684-3FF0-8548-55F2B0EAD7B6}
		{DF64AB7A-CC3E-3618-A844-40878035F190} = {DF64AB7A-CC3E-3618-A844-40878035F190}
	EndProjectSection
EndProject
Project("{8BC9CEB8-8B4A-11D0-8D11-00A0C91BC942}") = "inputlag", "tests\inputlag.vcxproj", "{502F3D50-581D-3E2E-8470-6FA55E8CFE07}"
	ProjectSection(ProjectDependencies) = postProject
		{FA70FD5C-0684-3FF0-8548-55F2B0EAD7B6} = {FA70FD5C-0684-3FF0-8548-55F2B0EAD7B6}
		{DF64AB7A-CC3E-3618-A844-40878035F190} = {DF64AB7A-CC3E-3618-A844-40878035F190}
	EndProjectSection
EndProject
Project("{8BC9CEB8-8B4A-11D0-8D11-00A0C91BC942}") = "joysticks", "tests\joysticks.vcxproj", "{323E56EA-A96D-3E96-90B2-C8DAAB940217}"
	ProjectSection(ProjectDependencies) = postProject
		{FA70FD5C-0684-3FF0-8548-55F2B0EAD7B6} = {FA70FD5C-0684-3FF0-8548-55F2B0EAD7B6}
		{DF64AB7A-CC3E-3618-A844-40878035F190} = {DF64AB7A-CC3E-3618-A844-40878035F190}
	EndProjectSection
EndProject
Project("{8BC9CEB8-8B4A-11D0-8D11-00A0C91BC942}") = "monitors", "tests\monitors.vcxproj", "{348F09D8-3543-3EC7-AA41-5A31F1A5EFDA}"
	ProjectSection(ProjectDependencies) = postProject
		{FA70FD5C-0684-3FF0-8548-55F2B0EAD7B6} = {FA70FD5C-0684-3FF0-8548-55F2B0EAD7B6}
		{DF64AB7A-CC3E-3618-A844-40878035F190} = {DF64AB7A-CC3E-3618-A844-40878035F190}
	EndProjectSection
EndProject
Project("{8BC9CEB8-8B4A-11D0-8D11-00A0C91BC942}") = "msaa", "tests\msaa.vcxproj", "{DE0CDBD9-8650-37CA-820A-28A00722E7D7}"
	ProjectSection(ProjectDependencies) = postProject
		{FA70FD5C-0684-3FF0-8548-55F2B0EAD7B6} = {FA70FD5C-0684-3FF0-8548-55F2B0EAD7B6}
		{DF64AB7A-CC3E-3618-A844-40878035F190} = {DF64AB7A-CC3E-3618-A844-40878035F190}
	EndProjectSection
EndProject
Project("{8BC9CEB8-8B4A-11D0-8D11-00A0C91BC942}") = "offscreen", "examples\offscreen.vcxproj", "{0EE48473-7617-30B2-8519-5F2882FDAFF4}"
	ProjectSection(ProjectDependencies) = postProject
		{FA70FD5C-0684-3FF0-8548-55F2B0EAD7B6} = {FA70FD5C-0684-3FF0-8548-55F2B0EAD7B6}
		{DF64AB7A-CC3E-3618-A844-40878035F190} = {DF64AB7A-CC3E-3618-A844-40878035F190}
	EndProjectSection
EndProject
Project("{8BC9CEB8-8B4A-11D0-8D11-00A0C91BC942}") = "opacity", "tests\opacity.vcxproj", "{395F54BB-8D4B-3FA3-A142-648A9B9BDD5F}"
	ProjectSection(ProjectDependencies) = postProject
		{FA70FD5C-0684-3FF0-8548-55F2B0EAD7B6} = {FA70FD5C-0684-3FF0-8548-55F2B0EAD7B6}
		{DF64AB7A-CC3E-3618-A844-40878035F190} = {DF64AB7A-CC3E-3618-A844-40878035F190}
	EndProjectSection
EndProject
Project("{8BC9CEB8-8B4A-11D0-8D11-00A0C91BC942}") = "particles", "examples\particles.vcxproj", "{505B0EB1-453D-3B69-96FF-6A390CDC9CA8}"
	ProjectSection(ProjectDependencies) = postProject
		{FA70FD5C-0684-3FF0-8548-55F2B0EAD7B6} = {FA70FD5C-0684-3FF0-8548-55F2B0EAD7B6}
		{DF64AB7A-CC3E-3618-A844-40878035F190} = {DF64AB7A-CC3E-3618-A844-40878035F190}
	EndProjectSection
EndProject
Project("{8BC9CEB8-8B4A-11D0-8D11-00A0C91BC942}") = "reopen", "tests\reopen.vcxproj", "{C1F84F97-FC71-3DDF-AB6B-D3232F98A13D}"
	ProjectSection(ProjectDependencies) = postProject
		{FA70FD5C-0684-3FF0-8548-55F2B0EAD7B6} = {FA70FD5C-0684-3FF0-8548-55F2B0EAD7B6}
		{DF64AB7A-CC3E-3618-A844-40878035F190} = {DF64AB7A-CC3E-3618-A844-40878035F190}
	EndProjectSection
EndProject
Project("{8BC9CEB8-8B4A-11D0-8D11-00A0C91BC942}") = "sharing", "examples\sharing.vcxproj", "{A06991A9-3AB0-37BA-AE23-E56A71A7EE60}"
	ProjectSection(ProjectDependencies) = postProject
		{FA70FD5C-0684-3FF0-8548-55F2B0EAD7B6} = {FA70FD5C-0684-3FF0-8548-55F2B0EAD7B6}
		{DF64AB7A-CC3E-3618-A844-40878035F190} = {DF64AB7A-CC3E-3618-A844-40878035F190}
	EndProjectSection
EndProject
Project("{8BC9CEB8-8B4A-11D0-8D11-00A0C91BC942}") = "simple", "examples\simple.vcxproj", "{807DB580-9687-3B88-8699-70D1C14974F9}"
	ProjectSection(ProjectDependencies) = postProject
		{FA70FD5C-0684-3FF0-8548-55F2B0EAD7B6} = {FA70FD5C-0684-3FF0-8548-55F2B0EAD7B6}
		{DF64AB7A-CC3E-3618-A844-40878035F190} = {DF64AB7A-CC3E-3618-A844-40878035F190}
	EndProjectSection
EndProject
Project("{8BC9CEB8-8B4A-11D0-8D11-00A0C91BC942}") = "splitview", "examples\splitview.vcxproj", "{574CBDFF-4952-3BB1-B5D5-80C629FE1C2B}"
	ProjectSection(ProjectDependencies) = postProject
		{FA70FD5C-0684-3FF0-8548-55F2B0EAD7B6} = {FA70FD5C-0684-3FF0-8548-55F2B0EAD7B6}
		{DF64AB7A-CC3E-3618-A844-40878035F190} = {DF64AB7A-CC3E-3618-A844-40878035F190}
	EndProjectSection
EndProject
Project("{8BC9CEB8-8B4A-11D0-8D11-00A0C91BC942}") = "tearing", "tests\tearing.vcxproj", "{9DAC4F30-1648-33AD-B039-044C11828DD5}"
	ProjectSection(ProjectDependencies) = postProject
		{FA70FD5C-0684-3FF0-8548-55F2B0EAD7B6} = {FA70FD5C-0684-3FF0-8548-55F2B0EAD7B6}
		{DF64AB7A-CC3E-3618-A844-40878035F190} = {DF64AB7A-CC3E-3618-A844-40878035F190}
	EndProjectSection
EndProject
Project("{8BC9CEB8-8B4A-11D0-8D11-00A0C91BC942}") = "threads", "tests\threads.vcxproj", "{7659FD33-AF34-3FBD-A3C4-481DAFB987DE}"
	ProjectSection(ProjectDependencies) = postProject
		{FA70FD5C-0684-3FF0-8548-55F2B0EAD7B6} = {FA70FD5C-0684-3FF0-8548-55F2B0EAD7B6}
		{DF64AB7A-CC3E-3618-A844-40878035F190} = {DF64AB7A-CC3E-3618-A844-40878035F190}
	EndProjectSection
EndProject
Project("{8BC9CEB8-8B4A-11D0-8D11-00A0C91BC942}") = "timeout", "tests\timeout.vcxproj", "{00DB1EF3-E6FD-3FDE-ACF1-FF596149BEB0}"
	ProjectSection(ProjectDependencies) = postProject
		{FA70FD5C-0684-3FF0-8548-55F2B0EAD7B6} = {FA70FD5C-0684-3FF0-8548-55F2B0EAD7B6}
		{DF64AB7A-CC3E-3618-A844-40878035F190} = {DF64AB7A-CC3E-3618-A844-40878035F190}
	EndProjectSection
EndProject
Project("{8BC9CEB8-8B4A-11D0-8D11-00A0C91BC942}") = "title", "tests\title.vcxproj", "{CF7C9778-F1F7-3CDC-A1A6-F19DBB676427}"
	ProjectSection(ProjectDependencies) = postProject
		{FA70FD5C-0684-3FF0-8548-55F2B0EAD7B6} = {FA70FD5C-0684-3FF0-8548-55F2B0EAD7B6}
		{DF64AB7A-CC3E-3618-A844-40878035F190} = {DF64AB7A-CC3E-3618-A844-40878035F190}
	EndProjectSection
EndProject
Project("{8BC9CEB8-8B4A-11D0-8D11-00A0C91BC942}") = "triangle-vulkan", "tests\triangle-vulkan.vcxproj", "{63EC8F7B-BB39-3322-B821-42ED5EDA2A55}"
	ProjectSection(ProjectDependencies) = postProject
		{FA70FD5C-0684-3FF0-8548-55F2B0EAD7B6} = {FA70FD5C-0684-3FF0-8548-55F2B0EAD7B6}
		{DF64AB7A-CC3E-3618-A844-40878035F190} = {DF64AB7A-CC3E-3618-A844-40878035F190}
	EndProjectSection
EndProject
Project("{8BC9CEB8-8B4A-11D0-8D11-00A0C91BC942}") = "uninstall", "uninstall.vcxproj", "{3E48D567-4A15-3022-904E-CDDC57888E18}"
	ProjectSection(ProjectDependencies) = postProject
		{FA70FD5C-0684-3FF0-8548-55F2B0EAD7B6} = {FA70FD5C-0684-3FF0-8548-55F2B0EAD7B6}
	EndProjectSection
EndProject
Project("{8BC9CEB8-8B4A-11D0-8D11-00A0C91BC942}") = "wave", "examples\wave.vcxproj", "{E48FC78D-265B-36A8-A00B-64CA03C94C25}"
	ProjectSection(ProjectDependencies) = postProject
		{FA70FD5C-0684-3FF0-8548-55F2B0EAD7B6} = {FA70FD5C-0684-3FF0-8548-55F2B0EAD7B6}
		{DF64AB7A-CC3E-3618-A844-40878035F190} = {DF64AB7A-CC3E-3618-A844-40878035F190}
	EndProjectSection
EndProject
Project("{8BC9CEB8-8B4A-11D0-8D11-00A0C91BC942}") = "windows", "tests\windows.vcxproj", "{F391EBE1-8955-3E85-AAEF-C1504B5BA02E}"
	ProjectSection(ProjectDependencies) = postProject
		{FA70FD5C-0684-3FF0-8548-55F2B0EAD7B6} = {FA70FD5C-0684-3FF0-8548-55F2B0EAD7B6}
		{DF64AB7A-CC3E-3618-A844-40878035F190} = {DF64AB7A-CC3E-3618-A844-40878035F190}
	EndProjectSection
EndProject
Global
	GlobalSection(SolutionConfigurationPlatforms) = preSolution
		Debug|Win32 = Debug|Win32
		Release|Win32 = Release|Win32
		MinSizeRel|Win32 = MinSizeRel|Win32
		RelWithDebInfo|Win32 = RelWithDebInfo|Win32
	EndGlobalSection
	GlobalSection(ProjectConfigurationPlatforms) = postSolution
		{7D3BBF11-DB51-3D4E-BF75-BDBDC44A9AC8}.Debug|Win32.ActiveCfg = Debug|Win32
		{7D3BBF11-DB51-3D4E-BF75-BDBDC44A9AC8}.Debug|Win32.Build.0 = Debug|Win32
		{7D3BBF11-DB51-3D4E-BF75-BDBDC44A9AC8}.Release|Win32.ActiveCfg = Release|Win32
		{7D3BBF11-DB51-3D4E-BF75-BDBDC44A9AC8}.Release|Win32.Build.0 = Release|Win32
		{7D3BBF11-DB51-3D4E-BF75-BDBDC44A9AC8}.MinSizeRel|Win32.ActiveCfg = MinSizeRel|Win32
		{7D3BBF11-DB51-3D4E-BF75-BDBDC44A9AC8}.MinSizeRel|Win32.Build.0 = MinSizeRel|Win32
		{7D3BBF11-DB51-3D4E-BF75-BDBDC44A9AC8}.RelWithDebInfo|Win32.ActiveCfg = RelWithDebInfo|Win32
		{7D3BBF11-DB51-3D4E-BF75-BDBDC44A9AC8}.RelWithDebInfo|Win32.Build.0 = RelWithDebInfo|Win32
		{D86AA351-5621-32C5-A01E-A782B24BF01C}.Debug|Win32.ActiveCfg = Debug|Win32
		{D86AA351-5621-32C5-A01E-A782B24BF01C}.Release|Win32.ActiveCfg = Release|Win32
		{D86AA351-5621-32C5-A01E-A782B24BF01C}.MinSizeRel|Win32.ActiveCfg = MinSizeRel|Win32
		{D86AA351-5621-32C5-A01E-A782B24BF01C}.RelWithDebInfo|Win32.ActiveCfg = RelWithDebInfo|Win32
		{FA70FD5C-0684-3FF0-8548-55F2B0EAD7B6}.Debug|Win32.ActiveCfg = Debug|Win32
		{FA70FD5C-0684-3FF0-8548-55F2B0EAD7B6}.Debug|Win32.Build.0 = Debug|Win32
		{FA70FD5C-0684-3FF0-8548-55F2B0EAD7B6}.Release|Win32.ActiveCfg = Release|Win32
		{FA70FD5C-0684-3FF0-8548-55F2B0EAD7B6}.Release|Win32.Build.0 = Release|Win32
		{FA70FD5C-0684-3FF0-8548-55F2B0EAD7B6}.MinSizeRel|Win32.ActiveCfg = MinSizeRel|Win32
		{FA70FD5C-0684-3FF0-8548-55F2B0EAD7B6}.MinSizeRel|Win32.Build.0 = MinSizeRel|Win32
		{FA70FD5C-0684-3FF0-8548-55F2B0EAD7B6}.RelWithDebInfo|Win32.ActiveCfg = RelWithDebInfo|Win32
		{FA70FD5C-0684-3FF0-8548-55F2B0EAD7B6}.RelWithDebInfo|Win32.Build.0 = RelWithDebInfo|Win32
		{44D2D19B-7F07-3B00-90E1-C7781FBDF304}.Debug|Win32.ActiveCfg = Debug|Win32
		{44D2D19B-7F07-3B00-90E1-C7781FBDF304}.Debug|Win32.Build.0 = Debug|Win32
		{44D2D19B-7F07-3B00-90E1-C7781FBDF304}.Release|Win32.ActiveCfg = Release|Win32
		{44D2D19B-7F07-3B00-90E1-C7781FBDF304}.Release|Win32.Build.0 = Release|Win32
		{44D2D19B-7F07-3B00-90E1-C7781FBDF304}.MinSizeRel|Win32.ActiveCfg = MinSizeRel|Win32
		{44D2D19B-7F07-3B00-90E1-C7781FBDF304}.MinSizeRel|Win32.Build.0 = MinSizeRel|Win32
		{44D2D19B-7F07-3B00-90E1-C7781FBDF304}.RelWithDebInfo|Win32.ActiveCfg = RelWithDebInfo|Win32
		{44D2D19B-7F07-3B00-90E1-C7781FBDF304}.RelWithDebInfo|Win32.Build.0 = RelWithDebInfo|Win32
		{82EFEF2B-DAAB-3FCE-A9A6-4787EB789B35}.Debug|Win32.ActiveCfg = Debug|Win32
		{82EFEF2B-DAAB-3FCE-A9A6-4787EB789B35}.Debug|Win32.Build.0 = Debug|Win32
		{82EFEF2B-DAAB-3FCE-A9A6-4787EB789B35}.Release|Win32.ActiveCfg = Release|Win32
		{82EFEF2B-DAAB-3FCE-A9A6-4787EB789B35}.Release|Win32.Build.0 = Release|Win32
		{82EFEF2B-DAAB-3FCE-A9A6-4787EB789B35}.MinSizeRel|Win32.ActiveCfg = MinSizeRel|Win32
		{82EFEF2B-DAAB-3FCE-A9A6-4787EB789B35}.MinSizeRel|Win32.Build.0 = MinSizeRel|Win32
		{82EFEF2B-DAAB-3FCE-A9A6-4787EB789B35}.RelWithDebInfo|Win32.ActiveCfg = RelWithDebInfo|Win32
		{82EFEF2B-DAAB-3FCE-A9A6-4787EB789B35}.RelWithDebInfo|Win32.Build.0 = RelWithDebInfo|Win32
		{FFACCD6B-FB84-3CC8-830F-D3D58A2E0988}.Debug|Win32.ActiveCfg = Debug|Win32
		{FFACCD6B-FB84-3CC8-830F-D3D58A2E0988}.Debug|Win32.Build.0 = Debug|Win32
		{FFACCD6B-FB84-3CC8-830F-D3D58A2E0988}.Release|Win32.ActiveCfg = Release|Win32
		{FFACCD6B-FB84-3CC8-830F-D3D58A2E0988}.Release|Win32.Build.0 = Release|Win32
		{FFACCD6B-FB84-3CC8-830F-D3D58A2E0988}.MinSizeRel|Win32.ActiveCfg = MinSizeRel|Win32
		{FFACCD6B-FB84-3CC8-830F-D3D58A2E0988}.MinSizeRel|Win32.Build.0 = MinSizeRel|Win32
		{FFACCD6B-FB84-3CC8-830F-D3D58A2E0988}.RelWithDebInfo|Win32.ActiveCfg = RelWithDebInfo|Win32
		{FFACCD6B-FB84-3CC8-830F-D3D58A2E0988}.RelWithDebInfo|Win32.Build.0 = RelWithDebInfo|Win32
		{39D0935B-99DA-3438-8B68-C3332F4957E6}.Debug|Win32.ActiveCfg = Debug|Win32
		{39D0935B-99DA-3438-8B68-C3332F4957E6}.Debug|Win32.Build.0 = Debug|Win32
		{39D0935B-99DA-3438-8B68-C3332F4957E6}.Release|Win32.ActiveCfg = Release|Win32
		{39D0935B-99DA-3438-8B68-C3332F4957E6}.Release|Win32.Build.0 = Release|Win32
		{39D0935B-99DA-3438-8B68-C3332F4957E6}.MinSizeRel|Win32.ActiveCfg = MinSizeRel|Win32
		{39D0935B-99DA-3438-8B68-C3332F4957E6}.MinSizeRel|Win32.Build.0 = MinSizeRel|Win32
		{39D0935B-99DA-3438-8B68-C3332F4957E6}.RelWithDebInfo|Win32.ActiveCfg = RelWithDebInfo|Win32
		{39D0935B-99DA-3438-8B68-C3332F4957E6}.RelWithDebInfo|Win32.Build.0 = RelWithDebInfo|Win32
		{C48AAB02-CE33-38F1-A2F4-863318B5B66B}.Debug|Win32.ActiveCfg = Debug|Win32
		{C48AAB02-CE33-38F1-A2F4-863318B5B66B}.Debug|Win32.Build.0 = Debug|Win32
		{C48AAB02-CE33-38F1-A2F4-863318B5B66B}.Release|Win32.ActiveCfg = Release|Win32
		{C48AAB02-CE33-38F1-A2F4-863318B5B66B}.Release|Win32.Build.0 = Release|Win32
		{C48AAB02-CE33-38F1-A2F4-863318B5B66B}.MinSizeRel|Win32.ActiveCfg = MinSizeRel|Win32
		{C48AAB02-CE33-38F1-A2F4-863318B5B66B}.MinSizeRel|Win32.Build.0 = MinSizeRel|Win32
		{C48AAB02-CE33-38F1-A2F4-863318B5B66B}.RelWithDebInfo|Win32.ActiveCfg = RelWithDebInfo|Win32
		{C48AAB02-CE33-38F1-A2F4-863318B5B66B}.RelWithDebInfo|Win32.Build.0 = RelWithDebInfo|Win32
		{762BF607-6E76-3145-92E2-4867FF5911DF}.Debug|Win32.ActiveCfg = Debug|Win32
		{762BF607-6E76-3145-92E2-4867FF5911DF}.Debug|Win32.Build.0 = Debug|Win32
		{762BF607-6E76-3145-92E2-4867FF5911DF}.Release|Win32.ActiveCfg = Release|Win32
		{762BF607-6E76-3145-92E2-4867FF5911DF}.Release|Win32.Build.0 = Release|Win32
		{762BF607-6E76-3145-92E2-4867FF5911DF}.MinSizeRel|Win32.ActiveCfg = MinSizeRel|Win32
		{762BF607-6E76-3145-92E2-4867FF5911DF}.MinSizeRel|Win32.Build.0 = MinSizeRel|Win32
		{762BF607-6E76-3145-92E2-4867FF5911DF}.RelWithDebInfo|Win32.ActiveCfg = RelWithDebInfo|Win32
		{762BF607-6E76-3145-92E2-4867FF5911DF}.RelWithDebInfo|Win32.Build.0 = RelWithDebInfo|Win32
		{1502F249-D37A-31E9-9B6C-87E59A714FEE}.Debug|Win32.ActiveCfg = Debug|Win32
		{1502F249-D37A-31E9-9B6C-87E59A714FEE}.Debug|Win32.Build.0 = Debug|Win32
		{1502F249-D37A-31E9-9B6C-87E59A714FEE}.Release|Win32.ActiveCfg = Release|Win32
		{1502F249-D37A-31E9-9B6C-87E59A714FEE}.Release|Win32.Build.0 = Release|Win32
		{1502F249-D37A-31E9-9B6C-87E59A714FEE}.MinSizeRel|Win32.ActiveCfg = MinSizeRel|Win32
		{1502F249-D37A-31E9-9B6C-87E59A714FEE}.MinSizeRel|Win32.Build.0 = MinSizeRel|Win32
		{1502F249-D37A-31E9-9B6C-87E59A714FEE}.RelWithDebInfo|Win32.ActiveCfg = RelWithDebInfo|Win32
		{1502F249-D37A-31E9-9B6C-87E59A714FEE}.RelWithDebInfo|Win32.Build.0 = RelWithDebInfo|Win32
		{DF64AB7A-CC3E-3618-A844-40878035F190}.Debug|Win32.ActiveCfg = Debug|Win32
		{DF64AB7A-CC3E-3618-A844-40878035F190}.Debug|Win32.Build.0 = Debug|Win32
		{DF64AB7A-CC3E-3618-A844-40878035F190}.Release|Win32.ActiveCfg = Release|Win32
		{DF64AB7A-CC3E-3618-A844-40878035F190}.Release|Win32.Build.0 = Release|Win32
		{DF64AB7A-CC3E-3618-A844-40878035F190}.MinSizeRel|Win32.ActiveCfg = MinSizeRel|Win32
		{DF64AB7A-CC3E-3618-A844-40878035F190}.MinSizeRel|Win32.Build.0 = MinSizeRel|Win32
		{DF64AB7A-CC3E-3618-A844-40878035F190}.RelWithDebInfo|Win32.ActiveCfg = RelWithDebInfo|Win32
		{DF64AB7A-CC3E-3618-A844-40878035F190}.RelWithDebInfo|Win32.Build.0 = RelWithDebInfo|Win32
		{6CE762EE-A659-3B52-80B2-CCB80FB9935D}.Debug|Win32.ActiveCfg = Debug|Win32
		{6CE762EE-A659-3B52-80B2-CCB80FB9935D}.Debug|Win32.Build.0 = Debug|Win32
		{6CE762EE-A659-3B52-80B2-CCB80FB9935D}.Release|Win32.ActiveCfg = Release|Win32
		{6CE762EE-A659-3B52-80B2-CCB80FB9935D}.Release|Win32.Build.0 = Release|Win32
		{6CE762EE-A659-3B52-80B2-CCB80FB9935D}.MinSizeRel|Win32.ActiveCfg = MinSizeRel|Win32
		{6CE762EE-A659-3B52-80B2-CCB80FB9935D}.MinSizeRel|Win32.Build.0 = MinSizeRel|Win32
		{6CE762EE-A659-3B52-80B2-CCB80FB9935D}.RelWithDebInfo|Win32.ActiveCfg = RelWithDebInfo|Win32
		{6CE762EE-A659-3B52-80B2-CCB80FB9935D}.RelWithDebInfo|Win32.Build.0 = RelWithDebInfo|Win32
		{7F00FA47-00D3-36E5-BAD6-22A340A93C94}.Debug|Win32.ActiveCfg = Debug|Win32
		{7F00FA47-00D3-36E5-BAD6-22A340A93C94}.Debug|Win32.Build.0 = Debug|Win32
		{7F00FA47-00D3-36E5-BAD6-22A340A93C94}.Release|Win32.ActiveCfg = Release|Win32
		{7F00FA47-00D3-36E5-BAD6-22A340A93C94}.Release|Win32.Build.0 = Release|Win32
		{7F00FA47-00D3-36E5-BAD6-22A340A93C94}.MinSizeRel|Win32.ActiveCfg = MinSizeRel|Win32
		{7F00FA47-00D3-36E5-BAD6-22A340A93C94}.MinSizeRel|Win32.Build.0 = MinSizeRel|Win32
		{7F00FA47-00D3-36E5-BAD6-22A340A93C94}.RelWithDebInfo|Win32.ActiveCfg = RelWithDebInfo|Win32
		{7F00FA47-00D3-36E5-BAD6-22A340A93C94}.RelWithDebInfo|Win32.Build.0 = RelWithDebInfo|Win32
		{FAE5A90E-CB3D-36F0-8EAE-85EB10CDCA50}.Debug|Win32.ActiveCfg = Debug|Win32
		{FAE5A90E-CB3D-36F0-8EAE-85EB10CDCA50}.Debug|Win32.Build.0 = Debug|Win32
		{FAE5A90E-CB3D-36F0-8EAE-85EB10CDCA50}.Release|Win32.ActiveCfg = Release|Win32
		{FAE5A90E-CB3D-36F0-8EAE-85EB10CDCA50}.Release|Win32.Build.0 = Release|Win32
		{FAE5A90E-CB3D-36F0-8EAE-85EB10CDCA50}.MinSizeRel|Win32.ActiveCfg = MinSizeRel|Win32
		{FAE5A90E-CB3D-36F0-8EAE-85EB10CDCA50}.MinSizeRel|Win32.Build.0 = MinSizeRel|Win32
		{FAE5A90E-CB3D-36F0-8EAE-85EB10CDCA50}.RelWithDebInfo|Win32.ActiveCfg = RelWithDebInfo|Win32
		{FAE5A90E-CB3D-36F0-8EAE-85EB10CDCA50}.RelWithDebInfo|Win32.Build.0 = RelWithDebInfo|Win32
		{CD93DFCE-402C-3975-B22B-77D153A45A51}.Debug|Win32.ActiveCfg = Debug|Win32
		{CD93DFCE-402C-3975-B22B-77D153A45A51}.Debug|Win32.Build.0 = Debug|Win32
		{CD93DFCE-402C-3975-B22B-77D153A45A51}.Release|Win32.ActiveCfg = Release|Win32
		{CD93DFCE-402C-3975-B22B-77D153A45A51}.Release|Win32.Build.0 = Release|Win32
		{CD93DFCE-402C-3975-B22B-77D153A45A51}.MinSizeRel|Win32.ActiveCfg = MinSizeRel|Win32
		{CD93DFCE-402C-3975-B22B-77D153A45A51}.MinSizeRel|Win32.Build.0 = MinSizeRel|Win32
		{CD93DFCE-402C-3975-B22B-77D153A45A51}.RelWithDebInfo|Win32.ActiveCfg = RelWithDebInfo|Win32
		{CD93DFCE-402C-3975-B22B-77D153A45A51}.RelWithDebInfo|Win32.Build.0 = RelWithDebInfo|Win32
		{502F3D50-581D-3E2E-8470-6FA55E8CFE07}.Debug|Win32.ActiveCfg = Debug|Win32
		{502F3D50-581D-3E2E-8470-6FA55E8CFE07}.Debug|Win32.Build.0 = Debug|Win32
		{502F3D50-581D-3E2E-8470-6FA55E8CFE07}.Release|Win32.ActiveCfg = Release|Win32
		{502F3D50-581D-3E2E-8470-6FA55E8CFE07}.Release|Win32.Build.0 = Release|Win32
		{502F3D50-581D-3E2E-8470-6FA55E8CFE07}.MinSizeRel|Win32.ActiveCfg = MinSizeRel|Win32
		{502F3D50-581D-3E2E-8470-6FA55E8CFE07}.MinSizeRel|Win32.Build.0 = MinSizeRel|Win32
		{502F3D50-581D-3E2E-8470-6FA55E8CFE07}.RelWithDebInfo|Win32.ActiveCfg = RelWithDebInfo|Win32
		{502F3D50-581D-3E2E-8470-6FA55E8CFE07}.RelWithDebInfo|Win32.Build.0 = RelWithDebInfo|Win32
		{323E56EA-A96D-3E96-90B2-C8DAAB940217}.Debug|Win32.ActiveCfg = Debug|Win32
		{323E56EA-A96D-3E96-90B2-C8DAAB940217}.Debug|Win32.Build.0 = Debug|Win32
		{323E56EA-A96D-3E96-90B2-C8DAAB940217}.Release|Win32.ActiveCfg = Release|Win32
		{323E56EA-A96D-3E96-90B2-C8DAAB940217}.Release|Win32.Build.0 = Release|Win32
		{323E56EA-A96D-3E96-90B2-C8DAAB940217}.MinSizeRel|Win32.ActiveCfg = MinSizeRel|Win32
		{323E56EA-A96D-3E96-90B2-C8DAAB940217}.MinSizeRel|Win32.Build.0 = MinSizeRel|Win32
		{323E56EA-A96D-3E96-90B2-C8DAAB940217}.RelWithDebInfo|Win32.ActiveCfg = RelWithDebInfo|Win32
		{323E56EA-A96D-3E96-90B2-C8DAAB940217}.RelWithDebInfo|Win32.Build.0 = RelWithDebInfo|Win32
		{348F09D8-3543-3EC7-AA41-5A31F1A5EFDA}.Debug|Win32.ActiveCfg = Debug|Win32
		{348F09D8-3543-3EC7-AA41-5A31F1A5EFDA}.Debug|Win32.Build.0 = Debug|Win32
		{348F09D8-3543-3EC7-AA41-5A31F1A5EFDA}.Release|Win32.ActiveCfg = Release|Win32
		{348F09D8-3543-3EC7-AA41-5A31F1A5EFDA}.Release|Win32.Build.0 = Release|Win32
		{348F09D8-3543-3EC7-AA41-5A31F1A5EFDA}.MinSizeRel|Win32.ActiveCfg = MinSizeRel|Win32
		{348F09D8-3543-3EC7-AA41-5A31F1A5EFDA}.MinSizeRel|Win32.Build.0 = MinSizeRel|Win32
		{348F09D8-3543-3EC7-AA41-5A31F1A5EFDA}.RelWithDebInfo|Win32.ActiveCfg = RelWithDebInfo|Win32
		{348F09D8-3543-3EC7-AA41-5A31F1A5EFDA}.RelWithDebInfo|Win32.Build.0 = RelWithDebInfo|Win32
		{DE0CDBD9-8650-37CA-820A-28A00722E7D7}.Debug|Win32.ActiveCfg = Debug|Win32
		{DE0CDBD9-8650-37CA-820A-28A00722E7D7}.Debug|Win32.Build.0 = Debug|Win32
		{DE0CDBD9-8650-37CA-820A-28A00722E7D7}.Release|Win32.ActiveCfg = Release|Win32
		{DE0CDBD9-8650-37CA-820A-28A00722E7D7}.Release|Win32.Build.0 = Release|Win32
		{DE0CDBD9-8650-37CA-820A-28A00722E7D7}.MinSizeRel|Win32.ActiveCfg = MinSizeRel|Win32
		{DE0CDBD9-8650-37CA-820A-28A00722E7D7}.MinSizeRel|Win32.Build.0 = MinSizeRel|Win32
		{DE0CDBD9-8650-37CA-820A-28A00722E7D7}.RelWithDebInfo|Win32.ActiveCfg = RelWithDebInfo|Win32
		{DE0CDBD9-8650-37CA-820A-28A00722E7D7}.RelWithDebInfo|Win32.Build.0 = RelWithDebInfo|Win32
		{0EE48473-7617-30B2-8519-5F2882FDAFF4}.Debug|Win32.ActiveCfg = Debug|Win32
		{0EE48473-7617-30B2-8519-5F2882FDAFF4}.Debug|Win32.Build.0 = Debug|Win32
		{0EE48473-7617-30B2-8519-5F2882FDAFF4}.Release|Win32.ActiveCfg = Release|Win32
		{0EE48473-7617-30B2-8519-5F2882FDAFF4}.Release|Win32.Build.0 = Release|Win32
		{0EE48473-7617-30B2-8519-5F2882FDAFF4}.MinSizeRel|Win32.ActiveCfg = MinSizeRel|Win32
		{0EE48473-7617-30B2-8519-5F2882FDAFF4}.MinSizeRel|Win32.Build.0 = MinSizeRel|Win32
		{0EE48473-7617-30B2-8519-5F2882FDAFF4}.RelWithDebInfo|Win32.ActiveCfg = RelWithDebInfo|Win32
		{0EE48473-7617-30B2-8519-5F2882FDAFF4}.RelWithDebInfo|Win32.Build.0 = RelWithDebInfo|Win32
		{395F54BB-8D4B-3FA3-A142-648A9B9BDD5F}.Debug|Win32.ActiveCfg = Debug|Win32
		{395F54BB-8D4B-3FA3-A142-648A9B9BDD5F}.Debug|Win32.Build.0 = Debug|Win32
		{395F54BB-8D4B-3FA3-A142-648A9B9BDD5F}.Release|Win32.ActiveCfg = Release|Win32
		{395F54BB-8D4B-3FA3-A142-648A9B9BDD5F}.Release|Win32.Build.0 = Release|Win32
		{395F54BB-8D4B-3FA3-A142-648A9B9BDD5F}.MinSizeRel|Win32.ActiveCfg = MinSizeRel|Win32
		{395F54BB-8D4B-3FA3-A142-648A9B9BDD5F}.MinSizeRel|Win32.Build.0 = MinSizeRel|Win32
		{395F54BB-8D4B-3FA3-A142-648A9B9BDD5F}.RelWithDebInfo|Win32.ActiveCfg = RelWithDebInfo|Win32
		{395F54BB-8D4B-3FA3-A142-648A9B9BDD5F}.RelWithDebInfo|Win32.Build.0 = RelWithDebInfo|Win32
		{505B0EB1-453D-3B69-96FF-6A390CDC9CA8}.Debug|Win32.ActiveCfg = Debug|Win32
		{505B0EB1-453D-3B69-96FF-6A390CDC9CA8}.Debug|Win32.Build.0 = Debug|Win32
		{505B0EB1-453D-3B69-96FF-6A390CDC9CA8}.Release|Win32.ActiveCfg = Release|Win32
		{505B0EB1-453D-3B69-96FF-6A390CDC9CA8}.Release|Win32.Build.0 = Release|Win32
		{505B0EB1-453D-3B69-96FF-6A390CDC9CA8}.MinSizeRel|Win32.ActiveCfg = MinSizeRel|Win32
		{505B0EB1-453D-3B69-96FF-6A390CDC9CA8}.MinSizeRel|Win32.Build.0 = MinSizeRel|Win32
		{505B0EB1-453D-3B69-96FF-6A390CDC9CA8}.RelWithDebInfo|Win32.ActiveCfg = RelWithDebInfo|Win32
		{505B0EB1-453D-3B69-96FF-6A390CDC9CA8}.RelWithDebInfo|Win32.Build.0 = RelWithDebInfo|Win32
		{C1F84F97-FC71-3DDF-AB6B-D3232F98A13D}.Debug|Win32.ActiveCfg = Debug|Win32
		{C1F84F97-FC71-3DDF-AB6B-D3232F98A13D}.Debug|Win32.Build.0 = Debug|Win32
		{C1F84F97-FC71-3DDF-AB6B-D3232F98A13D}.Release|Win32.ActiveCfg = Release|Win32
		{C1F84F97-FC71-3DDF-AB6B-D3232F98A13D}.Release|Win32.Build.0 = Release|Win32
		{C1F84F97-FC71-3DDF-AB6B-D3232F98A13D}.MinSizeRel|Win32.ActiveCfg = MinSizeRel|Win32
		{C1F84F97-FC71-3DDF-AB6B-D3232F98A13D}.MinSizeRel|Win32.Build.0 = MinSizeRel|Win32
		{C1F84F97-FC71-3DDF-AB6B-D3232F98A13D}.RelWithDebInfo|Win32.ActiveCfg = RelWithDebInfo|Win32
		{C1F84F97-FC71-3DDF-AB6B-D3232F98A13D}.RelWithDebInfo|Win32.Build.0 = RelWithDebInfo|Win32
		{A06991A9-3AB0-37BA-AE23-E56A71A7EE60}.Debug|Win32.ActiveCfg = Debug|Win32
		{A06991A9-3AB0-37BA-AE23-E56A71A7EE60}.Debug|Win32.Build.0 = Debug|Win32
		{A06991A9-3AB0-37BA-AE23-E56A71A7EE60}.Release|Win32.ActiveCfg = Release|Win32
		{A06991A9-3AB0-37BA-AE23-E56A71A7EE60}.Release|Win32.Build.0 = Release|Win32
		{A06991A9-3AB0-37BA-AE23-E56A71A7EE60}.MinSizeRel|Win32.ActiveCfg = MinSizeRel|Win32
		{A06991A9-3AB0-37BA-AE23-E56A71A7EE60}.MinSizeRel|Win32.Build.0 = MinSizeRel|Win32
		{A06991A9-3AB0-37BA-AE23-E56A71A7EE60}.RelWithDebInfo|Win32.ActiveCfg = RelWithDebInfo|Win32
		{A06991A9-3AB0-37BA-AE23-E56A71A7EE60}.RelWithDebInfo|Win32.Build.0 = RelWithDebInfo|Win32
		{807DB580-9687-3B88-8699-70D1C14974F9}.Debug|Win32.ActiveCfg = Debug|Win32
		{807DB580-9687-3B88-8699-70D1C14974F9}.Debug|Win32.Build.0 = Debug|Win32
		{807DB580-9687-3B88-8699-70D1C14974F9}.Release|Win32.ActiveCfg = Release|Win32
		{807DB580-9687-3B88-8699-70D1C14974F9}.Release|Win32.Build.0 = Release|Win32
		{807DB580-9687-3B88-8699-70D1C14974F9}.MinSizeRel|Win32.ActiveCfg = MinSizeRel|Win32
		{807DB580-9687-3B88-8699-70D1C14974F9}.MinSizeRel|Win32.Build.0 = MinSizeRel|Win32
		{807DB580-9687-3B88-8699-70D1C14974F9}.RelWithDebInfo|Win32.ActiveCfg = RelWithDebInfo|Win32
		{807DB580-9687-3B88-8699-70D1C14974F9}.RelWithDebInfo|Win32.Build.0 = RelWithDebInfo|Win32
		{574CBDFF-4952-3BB1-B5D5-80C629FE1C2B}.Debug|Win32.ActiveCfg = Debug|Win32
		{574CBDFF-4952-3BB1-B5D5-80C629FE1C2B}.Debug|Win32.Build.0 = Debug|Win32
		{574CBDFF-4952-3BB1-B5D5-80C629FE1C2B}.Release|Win32.ActiveCfg = Release|Win32
		{574CBDFF-4952-3BB1-B5D5-80C629FE1C2B}.Release|Win32.Build.0 = Release|Win32
		{574CBDFF-4952-3BB1-B5D5-80C629FE1C2B}.MinSizeRel|Win32.ActiveCfg = MinSizeRel|Win32
		{574CBDFF-4952-3BB1-B5D5-80C629FE1C2B}.MinSizeRel|Win32.Build.0 = MinSizeRel|Win32
		{574CBDFF-4952-3BB1-B5D5-80C629FE1C2B}.RelWithDebInfo|Win32.ActiveCfg = RelWithDebInfo|Win32
		{574CBDFF-4952-3BB1-B5D5-80C629FE1C2B}.RelWithDebInfo|Win32.Build.0 = RelWithDebInfo|Win32
		{9DAC4F30-1648-33AD-B039-044C11828DD5}.Debug|Win32.ActiveCfg = Debug|Win32
		{9DAC4F30-1648-33AD-B039-044C11828DD5}.Debug|Win32.Build.0 = Debug|Win32
		{9DAC4F30-1648-33AD-B039-044C11828DD5}.Release|Win32.ActiveCfg = Release|Win32
		{9DAC4F30-1648-33AD-B039-044C11828DD5}.Release|Win32.Build.0 = Release|Win32
		{9DAC4F30-1648-33AD-B039-044C11828DD5}.MinSizeRel|Win32.ActiveCfg = MinSizeRel|Win32
		{9DAC4F30-1648-33AD-B039-044C11828DD5}.MinSizeRel|Win32.Build.0 = MinSizeRel|Win32
		{9DAC4F30-1648-33AD-B039-044C11828DD5}.RelWithDebInfo|Win32.ActiveCfg = RelWithDebInfo|Win32
		{9DAC4F30-1648-33AD-B039-044C11828DD5}.RelWithDebInfo|Win32.Build.0 = RelWithDebInfo|Win32
		{7659FD33-AF34-3FBD-A3C4-481DAFB987DE}.Debug|Win32.ActiveCfg = Debug|Win32
		{7659FD33-AF34-3FBD-A3C4-481DAFB987DE}.Debug|Win32.Build.0 = Debug|Win32
		{7659FD33-AF34-3FBD-A3C4-481DAFB987DE}.Release|Win32.ActiveCfg = Release|Win32
		{7659FD33-AF34-3FBD-A3C4-481DAFB987DE}.Release|Win32.Build.0 = Release|Win32
		{7659FD33-AF34-3FBD-A3C4-481DAFB987DE}.MinSizeRel|Win32.ActiveCfg = MinSizeRel|Win32
		{7659FD33-AF34-3FBD-A3C4-481DAFB987DE}.MinSizeRel|Win32.Build.0 = MinSizeRel|Win32
		{7659FD33-AF34-3FBD-A3C4-481DAFB987DE}.RelWithDebInfo|Win32.ActiveCfg = RelWithDebInfo|Win32
		{7659FD33-AF34-3FBD-A3C4-481DAFB987DE}.RelWithDebInfo|Win32.Build.0 = RelWithDebInfo|Win32
		{00DB1EF3-E6FD-3FDE-ACF1-FF596149BEB0}.Debug|Win32.ActiveCfg = Debug|Win32
		{00DB1EF3-E6FD-3FDE-ACF1-FF596149BEB0}.Debug|Win32.Build.0 = Debug|Win32
		{00DB1EF3-E6FD-3FDE-ACF1-FF596149BEB0}.Release|Win32.ActiveCfg = Release|Win32
		{00DB1EF3-E6FD-3FDE-ACF1-FF596149BEB0}.Release|Win32.Build.0 = Release|Win32
		{00DB1EF3-E6FD-3FDE-ACF1-FF596149BEB0}.MinSizeRel|Win32.ActiveCfg = MinSizeRel|Win32
		{00DB1EF3-E6FD-3FDE-ACF1-FF596149BEB0}.MinSizeRel|Win32.Build.0 = MinSizeRel|Win32
		{00DB1EF3-E6FD-3FDE-ACF1-FF596149BEB0}.RelWithDebInfo|Win32.ActiveCfg = RelWithDebInfo|Win32
		{00DB1EF3-E6FD-3FDE-ACF1-FF596149BEB0}.RelWithDebInfo|Win32.Build.0 = RelWithDebInfo|Win32
		{CF7C9778-F1F7-3CDC-A1A6-F19DBB676427}.Debug|Win32.ActiveCfg = Debug|Win32
		{CF7C9778-F1F7-3CDC-A1A6-F19DBB676427}.Debug|Win32.Build.0 = Debug|Win32
		{CF7C9778-F1F7-3CDC-A1A6-F19DBB676427}.Release|Win32.ActiveCfg = Release|Win32
		{CF7C9778-F1F7-3CDC-A1A6-F19DBB676427}.Release|Win32.Build.0 = Release|Win32
		{CF7C9778-F1F7-3CDC-A1A6-F19DBB676427}.MinSizeRel|Win32.ActiveCfg = MinSizeRel|Win32
		{CF7C9778-F1F7-3CDC-A1A6-F19DBB676427}.MinSizeRel|Win32.Build.0 = MinSizeRel|Win32
		{CF7C9778-F1F7-3CDC-A1A6-F19DBB676427}.RelWithDebInfo|Win32.ActiveCfg = RelWithDebInfo|Win32
		{CF7C9778-F1F7-3CDC-A1A6-F19DBB676427}.RelWithDebInfo|Win32.Build.0 = RelWithDebInfo|Win32
		{63EC8F7B-BB39-3322-B821-42ED5EDA2A55}.Debug|Win32.ActiveCfg = Debug|Win32
		{63EC8F7B-BB39-3322-B821-42ED5EDA2A55}.Debug|Win32.Build.0 = Debug|Win32
		{63EC8F7B-BB39-3322-B821-42ED5EDA2A55}.Release|Win32.ActiveCfg = Release|Win32
		{63EC8F7B-BB39-3322-B821-42ED5EDA2A55}.Release|Win32.Build.0 = Release|Win32
		{63EC8F7B-BB39-3322-B821-42ED5EDA2A55}.MinSizeRel|Win32.ActiveCfg = MinSizeRel|Win32
		{63EC8F7B-BB39-3322-B821-42ED5EDA2A55}.MinSizeRel|Win32.Build.0 = MinSizeRel|Win32
		{63EC8F7B-BB39-3322-B821-42ED5EDA2A55}.RelWithDebInfo|Win32.ActiveCfg = RelWithDebInfo|Win32
		{63EC8F7B-BB39-3322-B821-42ED5EDA2A55}.RelWithDebInfo|Win32.Build.0 = RelWithDebInfo|Win32
		{3E48D567-4A15-3022-904E-CDDC57888E18}.Debug|Win32.ActiveCfg = Debug|Win32
		{3E48D567-4A15-3022-904E-CDDC57888E18}.Release|Win32.ActiveCfg = Release|Win32
		{3E48D567-4A15-3022-904E-CDDC57888E18}.MinSizeRel|Win32.ActiveCfg = MinSizeRel|Win32
		{3E48D567-4A15-3022-904E-CDDC57888E18}.RelWithDebInfo|Win32.ActiveCfg = RelWithDebInfo|Win32
		{E48FC78D-265B-36A8-A00B-64CA03C94C25}.Debug|Win32.ActiveCfg = Debug|Win32
		{E48FC78D-265B-36A8-A00B-64CA03C94C25}.Debug|Win32.Build.0 = Debug|Win32
		{E48FC78D-265B-36A8-A00B-64CA03C94C25}.Release|Win32.ActiveCfg = Release|Win32
		{E48FC78D-265B-36A8-A00B-64CA03C94C25}.Release|Win32.Build.0 = Release|Win32
		{E48FC78D-265B-36A8-A00B-64CA03C94C25}.MinSizeRel|Win32.ActiveCfg = MinSizeRel|Win32
		{E48FC78D-265B-36A8-A00B-64CA03C94C25}.MinSizeRel|Win32.Build.0 = MinSizeRel|Win32
		{E48FC78D-265B-36A8-A00B-64CA03C94C25}.RelWithDebInfo|Win32.ActiveCfg = RelWithDebInfo|Win32
		{E48FC78D-265B-36A8-A00B-64CA03C94C25}.RelWithDebInfo|Win32.Build.0 = RelWithDebInfo|Win32
		{F391EBE1-8955-3E85-AAEF-C1504B5BA02E}.Debug|Win32.ActiveCfg = Debug|Win32
		{F391EBE1-8955-3E85-AAEF-C1504B5BA02E}.Debug|Win32.Build.0 = Debug|Win32
		{F391EBE1-8955-3E85-AAEF-C1504B5BA02E}.Release|Win32.ActiveCfg = Release|Win32
		{F391EBE1-8955-3E85-AAEF-C1504B5BA02E}.Release|Win32.Build.0 = Release|Win32
		{F391EBE1-8955-3E85-AAEF-C1504B5BA02E}.MinSizeRel|Win32.ActiveCfg = MinSizeRel|Win32
		{F391EBE1-8955-3E85-AAEF-C1504B5BA02E}.MinSizeRel|Win32.Build.0 = MinSizeRel|Win32
		{F391EBE1-8955-3E85-AAEF-C1504B5BA02E}.RelWithDebInfo|Win32.ActiveCfg = RelWithDebInfo|Win32
		{F391EBE1-8955-3E85-AAEF-C1504B5BA02E}.RelWithDebInfo|Win32.Build.0 = RelWithDebInfo|Win32
	EndGlobalSection
	GlobalSection(NestedProjects) = preSolution
		{7D3BBF11-DB51-3D4E-BF75-BDBDC44A9AC8} = {6A6D7F29-3D9F-3337-8930-FCB354DAF8DF}
		{D86AA351-5621-32C5-A01E-A782B24BF01C} = {6A6D7F29-3D9F-3337-8930-FCB354DAF8DF}
		{FA70FD5C-0684-3FF0-8548-55F2B0EAD7B6} = {6A6D7F29-3D9F-3337-8930-FCB354DAF8DF}
		{6B312C8D-B48E-3496-8EA4-52D6EB02F56A} = {E3E36297-45A1-3C80-ADD7-DA2577EA0130}
		{360A4EFD-0F51-333A-B2BB-6C68BED6BA50} = {E3E36297-45A1-3C80-ADD7-DA2577EA0130}
		{DF64AB7A-CC3E-3618-A844-40878035F190} = {E3E36297-45A1-3C80-ADD7-DA2577EA0130}
		{3E48D567-4A15-3022-904E-CDDC57888E18} = {E3E36297-45A1-3C80-ADD7-DA2577EA0130}
		{44D2D19B-7F07-3B00-90E1-C7781FBDF304} = {6B312C8D-B48E-3496-8EA4-52D6EB02F56A}
		{1502F249-D37A-31E9-9B6C-87E59A714FEE} = {6B312C8D-B48E-3496-8EA4-52D6EB02F56A}
		{7F00FA47-00D3-36E5-BAD6-22A340A93C94} = {6B312C8D-B48E-3496-8EA4-52D6EB02F56A}
		{0EE48473-7617-30B2-8519-5F2882FDAFF4} = {6B312C8D-B48E-3496-8EA4-52D6EB02F56A}
		{505B0EB1-453D-3B69-96FF-6A390CDC9CA8} = {6B312C8D-B48E-3496-8EA4-52D6EB02F56A}
		{A06991A9-3AB0-37BA-AE23-E56A71A7EE60} = {6B312C8D-B48E-3496-8EA4-52D6EB02F56A}
		{807DB580-9687-3B88-8699-70D1C14974F9} = {6B312C8D-B48E-3496-8EA4-52D6EB02F56A}
		{574CBDFF-4952-3BB1-B5D5-80C629FE1C2B} = {6B312C8D-B48E-3496-8EA4-52D6EB02F56A}
		{E48FC78D-265B-36A8-A00B-64CA03C94C25} = {6B312C8D-B48E-3496-8EA4-52D6EB02F56A}
		{82EFEF2B-DAAB-3FCE-A9A6-4787EB789B35} = {360A4EFD-0F51-333A-B2BB-6C68BED6BA50}
		{FFACCD6B-FB84-3CC8-830F-D3D58A2E0988} = {360A4EFD-0F51-333A-B2BB-6C68BED6BA50}
		{39D0935B-99DA-3438-8B68-C3332F4957E6} = {360A4EFD-0F51-333A-B2BB-6C68BED6BA50}
		{C48AAB02-CE33-38F1-A2F4-863318B5B66B} = {360A4EFD-0F51-333A-B2BB-6C68BED6BA50}
		{762BF607-6E76-3145-92E2-4867FF5911DF} = {360A4EFD-0F51-333A-B2BB-6C68BED6BA50}
		{6CE762EE-A659-3B52-80B2-CCB80FB9935D} = {360A4EFD-0F51-333A-B2BB-6C68BED6BA50}
		{FAE5A90E-CB3D-36F0-8EAE-85EB10CDCA50} = {360A4EFD-0F51-333A-B2BB-6C68BED6BA50}
		{CD93DFCE-402C-3975-B22B-77D153A45A51} = {360A4EFD-0F51-333A-B2BB-6C68BED6BA50}
		{502F3D50-581D-3E2E-8470-6FA55E8CFE07} = {360A4EFD-0F51-333A-B2BB-6C68BED6BA50}
		{323E56EA-A96D-3E96-90B2-C8DAAB940217} = {360A4EFD-0F51-333A-B2BB-6C68BED6BA50}
		{348F09D8-3543-3EC7-AA41-5A31F1A5EFDA} = {360A4EFD-0F51-333A-B2BB-6C68BED6BA50}
		{DE0CDBD9-8650-37CA-820A-28A00722E7D7} = {360A4EFD-0F51-333A-B2BB-6C68BED6BA50}
		{395F54BB-8D4B-3FA3-A142-648A9B9BDD5F} = {360A4EFD-0F51-333A-B2BB-6C68BED6BA50}
		{C1F84F97-FC71-3DDF-AB6B-D3232F98A13D} = {360A4EFD-0F51-333A-B2BB-6C68BED6BA50}
		{9DAC4F30-1648-33AD-B039-044C11828DD5} = {360A4EFD-0F51-333A-B2BB-6C68BED6BA50}
		{7659FD33-AF34-3FBD-A3C4-481DAFB987DE} = {360A4EFD-0F51-333A-B2BB-6C68BED6BA50}
		{00DB1EF3-E6FD-3FDE-ACF1-FF596149BEB0} = {360A4EFD-0F51-333A-B2BB-6C68BED6BA50}
		{CF7C9778-F1F7-3CDC-A1A6-F19DBB676427} = {360A4EFD-0F51-333A-B2BB-6C68BED6BA50}
		{63EC8F7B-BB39-3322-B821-42ED5EDA2A55} = {360A4EFD-0F51-333A-B2BB-6C68BED6BA50}
		{F391EBE1-8955-3E85-AAEF-C1504B5BA02E} = {360A4EFD-0F51-333A-B2BB-6C68BED6BA50}
	EndGlobalSection
	GlobalSection(ExtensibilityGlobals) = postSolution
		SolutionGuid = {011DA2B9-668E-34B6-8270-0E24181B91BA}
	EndGlobalSection
	GlobalSection(ExtensibilityAddIns) = postSolution
	EndGlobalSection
EndGlobal
